
Microsoft Visual Studio Solution File, Format Version 12.00
# Visual Studio 14
VisualStudioVersion = 14.0.25420.1
MinimumVisualStudioVersion = 10.0.40219.1
Project("{F184B08F-C81C-45F6-A57F-5ABD9991F28F}") = "Views", "Nesto\Views.vbproj", "{F9C51E8E-BB41-4EE0-A54C-0A7E6ACB4037}"
EndProject
Project("{F184B08F-C81C-45F6-A57F-5ABD9991F28F}") = "ViewModels", "Nesto.ViewModels\ViewModels.vbproj", "{88335EDE-B08A-44EA-9286-F9C0AED290C8}"
EndProject
Project("{F184B08F-C81C-45F6-A57F-5ABD9991F28F}") = "Models", "Nesto.Models\Models.vbproj", "{81EA708B-89E1-439E-B5F1-A054250F1B36}"
EndProject
Project("{F184B08F-C81C-45F6-A57F-5ABD9991F28F}") = "ViewModels.Tests", "ViewModels.Tests\ViewModels.Tests.vbproj", "{FADD98DB-9B6F-449A-A701-0ACB67D7EB45}"
EndProject
Project("{2150E333-8FDC-42A3-9474-1A3956D46DE8}") = "Solution Items", "Solution Items", "{3B49458D-1724-4F81-BD1D-A52AC27A74F8}"
	ProjectSection(SolutionItems) = preProject
		Nesto\Dictionary.xaml = Nesto\Dictionary.xaml
		Local.testsettings = Local.testsettings
		Nesto.vsmdi = Nesto.vsmdi
		TraceAndTestImpact.testsettings = TraceAndTestImpact.testsettings
	EndProjectSection
EndProject
Project("{2150E333-8FDC-42A3-9474-1A3956D46DE8}") = "Modulos", "Modulos", "{8B87F1E0-1A7D-4147-9211-F53A09C4105D}"
EndProject
Project("{F184B08F-C81C-45F6-A57F-5ABD9991F28F}") = "PlantillaVenta", "Modulos\PlantillaVenta\PlantillaVenta.vbproj", "{2C0AFE5D-A09A-40F1-8F60-75A446C6E7D4}"
EndProject
Project("{F184B08F-C81C-45F6-A57F-5ABD9991F28F}") = "Contratos", "Contratos\Contratos.vbproj", "{CFBE7538-0C41-4D1C-A1AA-1E741693CD0A}"
EndProject
Project("{F184B08F-C81C-45F6-A57F-5ABD9991F28F}") = "Inventario", "Modulos\Inventario\Inventario\Inventario.vbproj", "{FC02D1B6-1DBB-4A32-A0D4-D7BBCFB7F283}"
EndProject
Project("{F184B08F-C81C-45F6-A57F-5ABD9991F28F}") = "CarteraPagos", "Modulos\CarteraPagos\CarteraPagos\CarteraPagos.vbproj", "{0A78F73C-A593-4296-843E-49634234B955}"
EndProject
Project("{F184B08F-C81C-45F6-A57F-5ABD9991F28F}") = "PedidoVenta", "Modulos\PedidoVenta\PedidoVenta\PedidoVenta.vbproj", "{5678F232-EBFE-4834-B77F-51B2C0824380}"
EndProject
Project("{FAE04EC0-301F-11D3-BF4B-00C04F79EFBC}") = "ControlesUsuario", "ControlesUsuario\ControlesUsuario.csproj", "{3961283C-76C3-4B5F-80F2-01A78593E67F}"
EndProject
Global
	GlobalSection(SolutionConfigurationPlatforms) = preSolution
		Debug|Any CPU = Debug|Any CPU
		Debug|Mixed Platforms = Debug|Mixed Platforms
		Debug|x86 = Debug|x86
		Release|Any CPU = Release|Any CPU
		Release|Mixed Platforms = Release|Mixed Platforms
		Release|x86 = Release|x86
	EndGlobalSection
	GlobalSection(ProjectConfigurationPlatforms) = postSolution
		{F9C51E8E-BB41-4EE0-A54C-0A7E6ACB4037}.Debug|Any CPU.ActiveCfg = Debug|x86
		{F9C51E8E-BB41-4EE0-A54C-0A7E6ACB4037}.Debug|Mixed Platforms.ActiveCfg = Debug|x86
		{F9C51E8E-BB41-4EE0-A54C-0A7E6ACB4037}.Debug|Mixed Platforms.Build.0 = Debug|x86
		{F9C51E8E-BB41-4EE0-A54C-0A7E6ACB4037}.Debug|x86.ActiveCfg = Debug|x86
		{F9C51E8E-BB41-4EE0-A54C-0A7E6ACB4037}.Debug|x86.Build.0 = Debug|x86
		{F9C51E8E-BB41-4EE0-A54C-0A7E6ACB4037}.Release|Any CPU.ActiveCfg = Release|x86
		{F9C51E8E-BB41-4EE0-A54C-0A7E6ACB4037}.Release|Mixed Platforms.ActiveCfg = Release|x86
		{F9C51E8E-BB41-4EE0-A54C-0A7E6ACB4037}.Release|Mixed Platforms.Build.0 = Release|x86
		{F9C51E8E-BB41-4EE0-A54C-0A7E6ACB4037}.Release|x86.ActiveCfg = Debug|x86
		{F9C51E8E-BB41-4EE0-A54C-0A7E6ACB4037}.Release|x86.Build.0 = Debug|x86
		{88335EDE-B08A-44EA-9286-F9C0AED290C8}.Debug|Any CPU.ActiveCfg = Debug|Any CPU
		{88335EDE-B08A-44EA-9286-F9C0AED290C8}.Debug|Any CPU.Build.0 = Debug|Any CPU
		{88335EDE-B08A-44EA-9286-F9C0AED290C8}.Debug|Mixed Platforms.ActiveCfg = Debug|Any CPU
		{88335EDE-B08A-44EA-9286-F9C0AED290C8}.Debug|Mixed Platforms.Build.0 = Debug|Any CPU
		{88335EDE-B08A-44EA-9286-F9C0AED290C8}.Debug|x86.ActiveCfg = Debug|Any CPU
		{88335EDE-B08A-44EA-9286-F9C0AED290C8}.Debug|x86.Build.0 = Debug|Any CPU
		{88335EDE-B08A-44EA-9286-F9C0AED290C8}.Release|Any CPU.ActiveCfg = Release|Any CPU
		{88335EDE-B08A-44EA-9286-F9C0AED290C8}.Release|Any CPU.Build.0 = Release|Any CPU
		{88335EDE-B08A-44EA-9286-F9C0AED290C8}.Release|Mixed Platforms.ActiveCfg = Release|Any CPU
		{88335EDE-B08A-44EA-9286-F9C0AED290C8}.Release|Mixed Platforms.Build.0 = Release|Any CPU
		{88335EDE-B08A-44EA-9286-F9C0AED290C8}.Release|x86.ActiveCfg = Release|Any CPU
		{81EA708B-89E1-439E-B5F1-A054250F1B36}.Debug|Any CPU.ActiveCfg = Debug|Any CPU
		{81EA708B-89E1-439E-B5F1-A054250F1B36}.Debug|Any CPU.Build.0 = Debug|Any CPU
		{81EA708B-89E1-439E-B5F1-A054250F1B36}.Debug|Mixed Platforms.ActiveCfg = Debug|Any CPU
		{81EA708B-89E1-439E-B5F1-A054250F1B36}.Debug|Mixed Platforms.Build.0 = Debug|Any CPU
		{81EA708B-89E1-439E-B5F1-A054250F1B36}.Debug|x86.ActiveCfg = Debug|Any CPU
		{81EA708B-89E1-439E-B5F1-A054250F1B36}.Debug|x86.Build.0 = Debug|Any CPU
		{81EA708B-89E1-439E-B5F1-A054250F1B36}.Release|Any CPU.ActiveCfg = Release|Any CPU
		{81EA708B-89E1-439E-B5F1-A054250F1B36}.Release|Any CPU.Build.0 = Release|Any CPU
		{81EA708B-89E1-439E-B5F1-A054250F1B36}.Release|Mixed Platforms.ActiveCfg = Release|Any CPU
		{81EA708B-89E1-439E-B5F1-A054250F1B36}.Release|Mixed Platforms.Build.0 = Release|Any CPU
		{81EA708B-89E1-439E-B5F1-A054250F1B36}.Release|x86.ActiveCfg = Release|Any CPU
		{FADD98DB-9B6F-449A-A701-0ACB67D7EB45}.Debug|Any CPU.ActiveCfg = Debug|Any CPU
		{FADD98DB-9B6F-449A-A701-0ACB67D7EB45}.Debug|Any CPU.Build.0 = Debug|Any CPU
		{FADD98DB-9B6F-449A-A701-0ACB67D7EB45}.Debug|Mixed Platforms.ActiveCfg = Debug|Any CPU
		{FADD98DB-9B6F-449A-A701-0ACB67D7EB45}.Debug|Mixed Platforms.Build.0 = Debug|Any CPU
		{FADD98DB-9B6F-449A-A701-0ACB67D7EB45}.Debug|x86.ActiveCfg = Debug|Any CPU
		{FADD98DB-9B6F-449A-A701-0ACB67D7EB45}.Debug|x86.Build.0 = Debug|Any CPU
		{FADD98DB-9B6F-449A-A701-0ACB67D7EB45}.Release|Any CPU.ActiveCfg = Release|Any CPU
		{FADD98DB-9B6F-449A-A701-0ACB67D7EB45}.Release|Any CPU.Build.0 = Release|Any CPU
		{FADD98DB-9B6F-449A-A701-0ACB67D7EB45}.Release|Mixed Platforms.ActiveCfg = Release|Any CPU
		{FADD98DB-9B6F-449A-A701-0ACB67D7EB45}.Release|Mixed Platforms.Build.0 = Release|Any CPU
		{FADD98DB-9B6F-449A-A701-0ACB67D7EB45}.Release|x86.ActiveCfg = Release|Any CPU
		{2C0AFE5D-A09A-40F1-8F60-75A446C6E7D4}.Debug|Any CPU.ActiveCfg = Debug|Any CPU
		{2C0AFE5D-A09A-40F1-8F60-75A446C6E7D4}.Debug|Any CPU.Build.0 = Debug|Any CPU
		{2C0AFE5D-A09A-40F1-8F60-75A446C6E7D4}.Debug|Mixed Platforms.ActiveCfg = Debug|Any CPU
		{2C0AFE5D-A09A-40F1-8F60-75A446C6E7D4}.Debug|Mixed Platforms.Build.0 = Debug|Any CPU
		{2C0AFE5D-A09A-40F1-8F60-75A446C6E7D4}.Debug|x86.ActiveCfg = Debug|Any CPU
		{2C0AFE5D-A09A-40F1-8F60-75A446C6E7D4}.Debug|x86.Build.0 = Debug|Any CPU
		{2C0AFE5D-A09A-40F1-8F60-75A446C6E7D4}.Release|Any CPU.ActiveCfg = Release|Any CPU
		{2C0AFE5D-A09A-40F1-8F60-75A446C6E7D4}.Release|Any CPU.Build.0 = Release|Any CPU
		{2C0AFE5D-A09A-40F1-8F60-75A446C6E7D4}.Release|Mixed Platforms.ActiveCfg = Release|Any CPU
		{2C0AFE5D-A09A-40F1-8F60-75A446C6E7D4}.Release|Mixed Platforms.Build.0 = Release|Any CPU
		{2C0AFE5D-A09A-40F1-8F60-75A446C6E7D4}.Release|x86.ActiveCfg = Release|Any CPU
		{CFBE7538-0C41-4D1C-A1AA-1E741693CD0A}.Debug|Any CPU.ActiveCfg = Debug|Any CPU
		{CFBE7538-0C41-4D1C-A1AA-1E741693CD0A}.Debug|Any CPU.Build.0 = Debug|Any CPU
		{CFBE7538-0C41-4D1C-A1AA-1E741693CD0A}.Debug|Mixed Platforms.ActiveCfg = Debug|Any CPU
		{CFBE7538-0C41-4D1C-A1AA-1E741693CD0A}.Debug|Mixed Platforms.Build.0 = Debug|Any CPU
		{CFBE7538-0C41-4D1C-A1AA-1E741693CD0A}.Debug|x86.ActiveCfg = Debug|Any CPU
		{CFBE7538-0C41-4D1C-A1AA-1E741693CD0A}.Debug|x86.Build.0 = Debug|Any CPU
		{CFBE7538-0C41-4D1C-A1AA-1E741693CD0A}.Release|Any CPU.ActiveCfg = Release|Any CPU
		{CFBE7538-0C41-4D1C-A1AA-1E741693CD0A}.Release|Any CPU.Build.0 = Release|Any CPU
		{CFBE7538-0C41-4D1C-A1AA-1E741693CD0A}.Release|Mixed Platforms.ActiveCfg = Release|Any CPU
		{CFBE7538-0C41-4D1C-A1AA-1E741693CD0A}.Release|Mixed Platforms.Build.0 = Release|Any CPU
		{CFBE7538-0C41-4D1C-A1AA-1E741693CD0A}.Release|x86.ActiveCfg = Release|Any CPU
		{CFBE7538-0C41-4D1C-A1AA-1E741693CD0A}.Release|x86.Build.0 = Release|Any CPU
		{FC02D1B6-1DBB-4A32-A0D4-D7BBCFB7F283}.Debug|Any CPU.ActiveCfg = Debug|Any CPU
		{FC02D1B6-1DBB-4A32-A0D4-D7BBCFB7F283}.Debug|Any CPU.Build.0 = Debug|Any CPU
		{FC02D1B6-1DBB-4A32-A0D4-D7BBCFB7F283}.Debug|Mixed Platforms.ActiveCfg = Debug|Any CPU
		{FC02D1B6-1DBB-4A32-A0D4-D7BBCFB7F283}.Debug|Mixed Platforms.Build.0 = Debug|Any CPU
		{FC02D1B6-1DBB-4A32-A0D4-D7BBCFB7F283}.Debug|x86.ActiveCfg = Debug|Any CPU
		{FC02D1B6-1DBB-4A32-A0D4-D7BBCFB7F283}.Debug|x86.Build.0 = Debug|Any CPU
		{FC02D1B6-1DBB-4A32-A0D4-D7BBCFB7F283}.Release|Any CPU.ActiveCfg = Release|Any CPU
		{FC02D1B6-1DBB-4A32-A0D4-D7BBCFB7F283}.Release|Any CPU.Build.0 = Release|Any CPU
		{FC02D1B6-1DBB-4A32-A0D4-D7BBCFB7F283}.Release|Mixed Platforms.ActiveCfg = Release|Any CPU
		{FC02D1B6-1DBB-4A32-A0D4-D7BBCFB7F283}.Release|Mixed Platforms.Build.0 = Release|Any CPU
		{FC02D1B6-1DBB-4A32-A0D4-D7BBCFB7F283}.Release|x86.ActiveCfg = Release|Any CPU
		{FC02D1B6-1DBB-4A32-A0D4-D7BBCFB7F283}.Release|x86.Build.0 = Release|Any CPU
		{0A78F73C-A593-4296-843E-49634234B955}.Debug|Any CPU.ActiveCfg = Debug|Any CPU
		{0A78F73C-A593-4296-843E-49634234B955}.Debug|Any CPU.Build.0 = Debug|Any CPU
		{0A78F73C-A593-4296-843E-49634234B955}.Debug|Mixed Platforms.ActiveCfg = Debug|Any CPU
		{0A78F73C-A593-4296-843E-49634234B955}.Debug|Mixed Platforms.Build.0 = Debug|Any CPU
		{0A78F73C-A593-4296-843E-49634234B955}.Debug|x86.ActiveCfg = Debug|Any CPU
		{0A78F73C-A593-4296-843E-49634234B955}.Debug|x86.Build.0 = Debug|Any CPU
		{0A78F73C-A593-4296-843E-49634234B955}.Release|Any CPU.ActiveCfg = Release|Any CPU
		{0A78F73C-A593-4296-843E-49634234B955}.Release|Any CPU.Build.0 = Release|Any CPU
		{0A78F73C-A593-4296-843E-49634234B955}.Release|Mixed Platforms.ActiveCfg = Release|Any CPU
		{0A78F73C-A593-4296-843E-49634234B955}.Release|Mixed Platforms.Build.0 = Release|Any CPU
		{0A78F73C-A593-4296-843E-49634234B955}.Release|x86.ActiveCfg = Release|Any CPU
		{0A78F73C-A593-4296-843E-49634234B955}.Release|x86.Build.0 = Release|Any CPU
		{5678F232-EBFE-4834-B77F-51B2C0824380}.Debug|Any CPU.ActiveCfg = Debug|Any CPU
		{5678F232-EBFE-4834-B77F-51B2C0824380}.Debug|Any CPU.Build.0 = Debug|Any CPU
		{5678F232-EBFE-4834-B77F-51B2C0824380}.Debug|Mixed Platforms.ActiveCfg = Debug|Any CPU
		{5678F232-EBFE-4834-B77F-51B2C0824380}.Debug|Mixed Platforms.Build.0 = Debug|Any CPU
		{5678F232-EBFE-4834-B77F-51B2C0824380}.Debug|x86.ActiveCfg = Debug|Any CPU
		{5678F232-EBFE-4834-B77F-51B2C0824380}.Debug|x86.Build.0 = Debug|Any CPU
		{5678F232-EBFE-4834-B77F-51B2C0824380}.Release|Any CPU.ActiveCfg = Release|Any CPU
		{5678F232-EBFE-4834-B77F-51B2C0824380}.Release|Any CPU.Build.0 = Release|Any CPU
		{5678F232-EBFE-4834-B77F-51B2C0824380}.Release|Mixed Platforms.ActiveCfg = Release|Any CPU
		{5678F232-EBFE-4834-B77F-51B2C0824380}.Release|Mixed Platforms.Build.0 = Release|Any CPU
		{5678F232-EBFE-4834-B77F-51B2C0824380}.Release|x86.ActiveCfg = Release|Any CPU
		{5678F232-EBFE-4834-B77F-51B2C0824380}.Release|x86.Build.0 = Release|Any CPU
		{3961283C-76C3-4B5F-80F2-01A78593E67F}.Debug|Any CPU.ActiveCfg = Debug|Any CPU
		{3961283C-76C3-4B5F-80F2-01A78593E67F}.Debug|Any CPU.Build.0 = Debug|Any CPU
		{3961283C-76C3-4B5F-80F2-01A78593E67F}.Debug|Mixed Platforms.ActiveCfg = Debug|Any CPU
		{3961283C-76C3-4B5F-80F2-01A78593E67F}.Debug|Mixed Platforms.Build.0 = Debug|Any CPU
		{3961283C-76C3-4B5F-80F2-01A78593E67F}.Debug|x86.ActiveCfg = Debug|Any CPU
		{3961283C-76C3-4B5F-80F2-01A78593E67F}.Debug|x86.Build.0 = Debug|Any CPU
		{3961283C-76C3-4B5F-80F2-01A78593E67F}.Release|Any CPU.ActiveCfg = Release|Any CPU
		{3961283C-76C3-4B5F-80F2-01A78593E67F}.Release|Any CPU.Build.0 = Release|Any CPU
		{3961283C-76C3-4B5F-80F2-01A78593E67F}.Release|Mixed Platforms.ActiveCfg = Release|Any CPU
		{3961283C-76C3-4B5F-80F2-01A78593E67F}.Release|Mixed Platforms.Build.0 = Release|Any CPU
		{3961283C-76C3-4B5F-80F2-01A78593E67F}.Release|x86.ActiveCfg = Release|Any CPU
		{3961283C-76C3-4B5F-80F2-01A78593E67F}.Release|x86.Build.0 = Release|Any CPU
	EndGlobalSection
	GlobalSection(SolutionProperties) = preSolution
		HideSolutionNode = FALSE
	EndGlobalSection
	GlobalSection(NestedProjects) = preSolution
		{2C0AFE5D-A09A-40F1-8F60-75A446C6E7D4} = {8B87F1E0-1A7D-4147-9211-F53A09C4105D}
		{FC02D1B6-1DBB-4A32-A0D4-D7BBCFB7F283} = {8B87F1E0-1A7D-4147-9211-F53A09C4105D}
		{0A78F73C-A593-4296-843E-49634234B955} = {8B87F1E0-1A7D-4147-9211-F53A09C4105D}
		{5678F232-EBFE-4834-B77F-51B2C0824380} = {8B87F1E0-1A7D-4147-9211-F53A09C4105D}
	EndGlobalSection
	GlobalSection(TestCaseManagementSettings) = postSolution
		CategoryFile = Nesto.vsmdi
	EndGlobalSection
EndGlobal
