
Microsoft Visual Studio Solution File, Format Version 12.00
# Visual Studio 2013
VisualStudioVersion = 12.0.31101.0
MinimumVisualStudioVersion = 10.0.40219.1
Project("{F184B08F-C81C-45F6-A57F-5ABD9991F28F}") = "Views", "Nesto\Views.vbproj", "{F9C51E8E-BB41-4EE0-A54C-0A7E6ACB4037}"
EndProject
Project("{F184B08F-C81C-45F6-A57F-5ABD9991F28F}") = "ViewModels", "Nesto.ViewModels\ViewModels.vbproj", "{88335EDE-B08A-44EA-9286-F9C0AED290C8}"
EndProject
Project("{F184B08F-C81C-45F6-A57F-5ABD9991F28F}") = "Models", "Nesto.Models\Models.vbproj", "{81EA708B-89E1-439E-B5F1-A054250F1B36}"
EndProject
Project("{F184B08F-C81C-45F6-A57F-5ABD9991F28F}") = "ViewModels.Tests", "ViewModels.Tests\ViewModels.Tests.vbproj", "{FADD98DB-9B6F-449A-A701-0ACB67D7EB45}"
EndProject
Project("{2150E333-8FDC-42A3-9474-1A3956D46DE8}") = "Solution Items", "Solution Items", "{3B49458D-1724-4F81-BD1D-A52AC27A74F8}"
	ProjectSection(SolutionItems) = preProject
		Local.testsettings = Local.testsettings
		Nesto.vsmdi = Nesto.vsmdi
		TraceAndTestImpact.testsettings = TraceAndTestImpact.testsettings
	EndProjectSection
EndProject
Project("{2150E333-8FDC-42A3-9474-1A3956D46DE8}") = "Modulos", "Modulos", "{8B87F1E0-1A7D-4147-9211-F53A09C4105D}"
EndProject
Global
	GlobalSection(SolutionConfigurationPlatforms) = preSolution
		Debug|Any CPU = Debug|Any CPU
		Debug|Mixed Platforms = Debug|Mixed Platforms
		Debug|x86 = Debug|x86
		Release|Any CPU = Release|Any CPU
		Release|Mixed Platforms = Release|Mixed Platforms
		Release|x86 = Release|x86
	EndGlobalSection
	GlobalSection(ProjectConfigurationPlatforms) = postSolution
		{F9C51E8E-BB41-4EE0-A54C-0A7E6ACB4037}.Debug|Any CPU.ActiveCfg = Debug|x86
		{F9C51E8E-BB41-4EE0-A54C-0A7E6ACB4037}.Debug|Mixed Platforms.ActiveCfg = Debug|x86
		{F9C51E8E-BB41-4EE0-A54C-0A7E6ACB4037}.Debug|Mixed Platforms.Build.0 = Debug|x86
		{F9C51E8E-BB41-4EE0-A54C-0A7E6ACB4037}.Debug|x86.ActiveCfg = Debug|x86
		{F9C51E8E-BB41-4EE0-A54C-0A7E6ACB4037}.Debug|x86.Build.0 = Debug|x86
		{F9C51E8E-BB41-4EE0-A54C-0A7E6ACB4037}.Release|Any CPU.ActiveCfg = Release|x86
		{F9C51E8E-BB41-4EE0-A54C-0A7E6ACB4037}.Release|Mixed Platforms.ActiveCfg = Release|x86
		{F9C51E8E-BB41-4EE0-A54C-0A7E6ACB4037}.Release|Mixed Platforms.Build.0 = Release|x86
		{F9C51E8E-BB41-4EE0-A54C-0A7E6ACB4037}.Release|x86.ActiveCfg = Debug|x86
		{F9C51E8E-BB41-4EE0-A54C-0A7E6ACB4037}.Release|x86.Build.0 = Debug|x86
		{88335EDE-B08A-44EA-9286-F9C0AED290C8}.Debug|Any CPU.ActiveCfg = Debug|Any CPU
		{88335EDE-B08A-44EA-9286-F9C0AED290C8}.Debug|Any CPU.Build.0 = Debug|Any CPU
		{88335EDE-B08A-44EA-9286-F9C0AED290C8}.Debug|Mixed Platforms.ActiveCfg = Debug|Any CPU
		{88335EDE-B08A-44EA-9286-F9C0AED290C8}.Debug|Mixed Platforms.Build.0 = Debug|Any CPU
		{88335EDE-B08A-44EA-9286-F9C0AED290C8}.Debug|x86.ActiveCfg = Debug|Any CPU
		{88335EDE-B08A-44EA-9286-F9C0AED290C8}.Release|Any CPU.ActiveCfg = Release|Any CPU
		{88335EDE-B08A-44EA-9286-F9C0AED290C8}.Release|Any CPU.Build.0 = Release|Any CPU
		{88335EDE-B08A-44EA-9286-F9C0AED290C8}.Release|Mixed Platforms.ActiveCfg = Release|Any CPU
		{88335EDE-B08A-44EA-9286-F9C0AED290C8}.Release|Mixed Platforms.Build.0 = Release|Any CPU
		{88335EDE-B08A-44EA-9286-F9C0AED290C8}.Release|x86.ActiveCfg = Release|Any CPU
		{81EA708B-89E1-439E-B5F1-A054250F1B36}.Debug|Any CPU.ActiveCfg = Debug|Any CPU
		{81EA708B-89E1-439E-B5F1-A054250F1B36}.Debug|Any CPU.Build.0 = Debug|Any CPU
		{81EA708B-89E1-439E-B5F1-A054250F1B36}.Debug|Mixed Platforms.ActiveCfg = Debug|Any CPU
		{81EA708B-89E1-439E-B5F1-A054250F1B36}.Debug|Mixed Platforms.Build.0 = Debug|Any CPU
		{81EA708B-89E1-439E-B5F1-A054250F1B36}.Debug|x86.ActiveCfg = Debug|Any CPU
		{81EA708B-89E1-439E-B5F1-A054250F1B36}.Release|Any CPU.ActiveCfg = Release|Any CPU
		{81EA708B-89E1-439E-B5F1-A054250F1B36}.Release|Any CPU.Build.0 = Release|Any CPU
		{81EA708B-89E1-439E-B5F1-A054250F1B36}.Release|Mixed Platforms.ActiveCfg = Release|Any CPU
		{81EA708B-89E1-439E-B5F1-A054250F1B36}.Release|Mixed Platforms.Build.0 = Release|Any CPU
		{81EA708B-89E1-439E-B5F1-A054250F1B36}.Release|x86.ActiveCfg = Release|Any CPU
		{FADD98DB-9B6F-449A-A701-0ACB67D7EB45}.Debug|Any CPU.ActiveCfg = Debug|Any CPU
		{FADD98DB-9B6F-449A-A701-0ACB67D7EB45}.Debug|Any CPU.Build.0 = Debug|Any CPU
		{FADD98DB-9B6F-449A-A701-0ACB67D7EB45}.Debug|Mixed Platforms.ActiveCfg = Debug|Any CPU
		{FADD98DB-9B6F-449A-A701-0ACB67D7EB45}.Debug|Mixed Platforms.Build.0 = Debug|Any CPU
		{FADD98DB-9B6F-449A-A701-0ACB67D7EB45}.Debug|x86.ActiveCfg = Debug|Any CPU
		{FADD98DB-9B6F-449A-A701-0ACB67D7EB45}.Release|Any CPU.ActiveCfg = Release|Any CPU
		{FADD98DB-9B6F-449A-A701-0ACB67D7EB45}.Release|Any CPU.Build.0 = Release|Any CPU
		{FADD98DB-9B6F-449A-A701-0ACB67D7EB45}.Release|Mixed Platforms.ActiveCfg = Release|Any CPU
		{FADD98DB-9B6F-449A-A701-0ACB67D7EB45}.Release|Mixed Platforms.Build.0 = Release|Any CPU
		{FADD98DB-9B6F-449A-A701-0ACB67D7EB45}.Release|x86.ActiveCfg = Release|Any CPU
	EndGlobalSection
	GlobalSection(SolutionProperties) = preSolution
		HideSolutionNode = FALSE
	EndGlobalSection
	GlobalSection(TestCaseManagementSettings) = postSolution
		CategoryFile = Nesto.vsmdi
	EndGlobalSection
EndGlobal
